
Microsoft Visual Studio Solution File, Format Version 12.00
# Visual Studio 15
VisualStudioVersion = 15.0.28307.489
MinimumVisualStudioVersion = 10.0.40219.1
Project("{FAE04EC0-301F-11D3-BF4B-00C04F79EFBC}") = "PictureManage", "PictureManage\PictureManage.csproj", "{4563561D-1F25-45DD-A26F-4BF96719D913}"
EndProject
Global
	GlobalSection(SolutionConfigurationPlatforms) = preSolution
		Debug|Any CPU = Debug|Any CPU
		Release|Any CPU = Release|Any CPU
	EndGlobalSection
	GlobalSection(ProjectConfigurationPlatforms) = postSolution
		{4563561D-1F25-45DD-A26F-4BF96719D913}.Debug|Any CPU.ActiveCfg = Debug|Any CPU
		{4563561D-1F25-45DD-A26F-4BF96719D913}.Debug|Any CPU.Build.0 = Debug|Any CPU
		{4563561D-1F25-45DD-A26F-4BF96719D913}.Release|Any CPU.ActiveCfg = Release|Any CPU
		{4563561D-1F25-45DD-A26F-4BF96719D913}.Release|Any CPU.Build.0 = Release|Any CPU
	EndGlobalSection
	GlobalSection(SolutionProperties) = preSolution
		HideSolutionNode = FALSE
	EndGlobalSection
	GlobalSection(ExtensibilityGlobals) = postSolution
		SolutionGuid = {D520CF31-EF64-4F39-8681-68CAE6439A5F}
	EndGlobalSection
EndGlobal
